
Microsoft Visual Studio Solution File, Format Version 12.00
# Visual Studio Version 17
VisualStudioVersion = 17.14.36717.8 d17.14
MinimumVisualStudioVersion = 10.0.40219.1
Project("{FAE04EC0-301F-11D3-BF4B-00C04F79EFBC}") = "SignalR_TARge24", "SignalR_TARge24.csproj", "{7D5B7796-4D08-4FBE-9468-E0FED5D9A16A}"
EndProject
Global
	GlobalSection(SolutionConfigurationPlatforms) = preSolution
		Debug|Any CPU = Debug|Any CPU
		Release|Any CPU = Release|Any CPU
	EndGlobalSection
	GlobalSection(ProjectConfigurationPlatforms) = postSolution
		{7D5B7796-4D08-4FBE-9468-E0FED5D9A16A}.Debug|Any CPU.ActiveCfg = Debug|Any CPU
		{7D5B7796-4D08-4FBE-9468-E0FED5D9A16A}.Debug|Any CPU.Build.0 = Debug|Any CPU
		{7D5B7796-4D08-4FBE-9468-E0FED5D9A16A}.Release|Any CPU.ActiveCfg = Release|Any CPU
		{7D5B7796-4D08-4FBE-9468-E0FED5D9A16A}.Release|Any CPU.Build.0 = Release|Any CPU
	EndGlobalSection
	GlobalSection(SolutionProperties) = preSolution
		HideSolutionNode = FALSE
	EndGlobalSection
	GlobalSection(ExtensibilityGlobals) = postSolution
		SolutionGuid = {67528C06-1FE7-4A70-84B1-32FC8E610099}
	EndGlobalSection
EndGlobal
